# generated by rye
# use `rye lock` or `rye sync` to update this lockfile
#
# last locked with the following flags:
#   pre: false
#   features: []
#   all-features: false
#   with-sources: false

-e file:.
coloredlogs==15.0.1
et-xmlfile==1.1.0
    # via openpyxl
greenlet==3.0.3
    # via sqlalchemy
humanfriendly==10.0
    # via coloredlogs
mysql-connector-python==8.3.0
numpy==1.26.4
    # via pandas
    # via patex
openpyxl==3.1.2
    # via patex
pandas==1.5.3
    # via patex
pymysql==1.1.0
python-dateutil==2.9.0.post0
    # via pandas
pytz==2024.1
    # via pandas
pyyaml==6.0.1
six==1.16.0
    # via python-dateutil
sqlalchemy==2.0.28
typing-extensions==4.10.0
    # via sqlalchemy
vulture==2.11
